
Microsoft Visual Studio Solution File, Format Version 12.00
# Visual Studio Version 17
VisualStudioVersion = 17.11.35312.102
MinimumVisualStudioVersion = 10.0.40219.1
Project("{FAE04EC0-301F-11D3-BF4B-00C04F79EFBC}") = "BookingManagement", "BookingManagement.csproj", "{1F199572-F208-427D-936D-C6DDB6FAD50E}"
EndProject
Global
	GlobalSection(SolutionConfigurationPlatforms) = preSolution
		Debug|Any CPU = Debug|Any CPU
		Release|Any CPU = Release|Any CPU
	EndGlobalSection
	GlobalSection(ProjectConfigurationPlatforms) = postSolution
		{1F199572-F208-427D-936D-C6DDB6FAD50E}.Debug|Any CPU.ActiveCfg = Debug|Any CPU
		{1F199572-F208-427D-936D-C6DDB6FAD50E}.Debug|Any CPU.Build.0 = Debug|Any CPU
		{1F199572-F208-427D-936D-C6DDB6FAD50E}.Release|Any CPU.ActiveCfg = Release|Any CPU
		{1F199572-F208-427D-936D-C6DDB6FAD50E}.Release|Any CPU.Build.0 = Release|Any CPU
	EndGlobalSection
	GlobalSection(SolutionProperties) = preSolution
		HideSolutionNode = FALSE
	EndGlobalSection
	GlobalSection(ExtensibilityGlobals) = postSolution
		SolutionGuid = {859F7228-C463-459E-AD73-81BD4717C8AE}
	EndGlobalSection
EndGlobal
